
Microsoft Visual Studio Solution File, Format Version 12.00
# Visual Studio Version 17
VisualStudioVersion = 17.3.32901.215
MinimumVisualStudioVersion = 10.0.40219.1
Project("{FAE04EC0-301F-11D3-BF4B-00C04F79EFBC}") = "Dead by Coding", "DbD Autoskillchecks\Dead by Coding.csproj", "{449EE77A-3C72-4CBB-B3DF-9580152D47F4}"
EndProject
Global
	GlobalSection(SolutionConfigurationPlatforms) = preSolution
		Debug|Any CPU = Debug|Any CPU
		Release|Any CPU = Release|Any CPU
	EndGlobalSection
	GlobalSection(ProjectConfigurationPlatforms) = postSolution
		{449EE77A-3C72-4CBB-B3DF-9580152D47F4}.Debug|Any CPU.ActiveCfg = Debug|Any CPU
		{449EE77A-3C72-4CBB-B3DF-9580152D47F4}.Debug|Any CPU.Build.0 = Debug|Any CPU
		{449EE77A-3C72-4CBB-B3DF-9580152D47F4}.Release|Any CPU.ActiveCfg = Release|Any CPU
		{449EE77A-3C72-4CBB-B3DF-9580152D47F4}.Release|Any CPU.Build.0 = Release|Any CPU
	EndGlobalSection
	GlobalSection(SolutionProperties) = preSolution
		HideSolutionNode = FALSE
	EndGlobalSection
	GlobalSection(ExtensibilityGlobals) = postSolution
		SolutionGuid = {CF50235C-08CD-4463-B3F3-866D93802146}
	EndGlobalSection
EndGlobal
